
Microsoft Visual Studio Solution File, Format Version 12.00
# Visual Studio Version 18
VisualStudioVersion = 18.0.11018.127
MinimumVisualStudioVersion = 10.0.40219.1
Project("{FAE04EC0-301F-11D3-BF4B-00C04F79EFBC}") = "FrameBox.Core", "FrameBox.Core\FrameBox.Core.csproj", "{866EE755-9369-4BA2-B1D2-58B3E5CE564D}"
EndProject
Project("{FAE04EC0-301F-11D3-BF4B-00C04F79EFBC}") = "FrameBox.Storage.EFCore", "FrameBox.Storage.EFCore\FrameBox.Storage.EFCore.csproj", "{416338B9-7856-4104-A7E4-8D11782E603E}"
EndProject
Project("{FAE04EC0-301F-11D3-BF4B-00C04F79EFBC}") = "FrameBox.MessageBroker.RabbitMQ", "FrameBox.MessageBroker.RabbitMQ\FrameBox.MessageBroker.RabbitMQ.csproj", "{D61310B1-95C3-48E7-ADDB-0C336F449773}"
EndProject
Global
	GlobalSection(SolutionConfigurationPlatforms) = preSolution
		Debug|Any CPU = Debug|Any CPU
		Release|Any CPU = Release|Any CPU
	EndGlobalSection
	GlobalSection(ProjectConfigurationPlatforms) = postSolution
		{866EE755-9369-4BA2-B1D2-58B3E5CE564D}.Debug|Any CPU.ActiveCfg = Debug|Any CPU
		{866EE755-9369-4BA2-B1D2-58B3E5CE564D}.Debug|Any CPU.Build.0 = Debug|Any CPU
		{866EE755-9369-4BA2-B1D2-58B3E5CE564D}.Release|Any CPU.ActiveCfg = Release|Any CPU
		{866EE755-9369-4BA2-B1D2-58B3E5CE564D}.Release|Any CPU.Build.0 = Release|Any CPU
		{416338B9-7856-4104-A7E4-8D11782E603E}.Debug|Any CPU.ActiveCfg = Debug|Any CPU
		{416338B9-7856-4104-A7E4-8D11782E603E}.Debug|Any CPU.Build.0 = Debug|Any CPU
		{416338B9-7856-4104-A7E4-8D11782E603E}.Release|Any CPU.ActiveCfg = Release|Any CPU
		{416338B9-7856-4104-A7E4-8D11782E603E}.Release|Any CPU.Build.0 = Release|Any CPU
		{D61310B1-95C3-48E7-ADDB-0C336F449773}.Debug|Any CPU.ActiveCfg = Debug|Any CPU
		{D61310B1-95C3-48E7-ADDB-0C336F449773}.Debug|Any CPU.Build.0 = Debug|Any CPU
		{D61310B1-95C3-48E7-ADDB-0C336F449773}.Release|Any CPU.ActiveCfg = Release|Any CPU
		{D61310B1-95C3-48E7-ADDB-0C336F449773}.Release|Any CPU.Build.0 = Release|Any CPU
	EndGlobalSection
	GlobalSection(SolutionProperties) = preSolution
		HideSolutionNode = FALSE
	EndGlobalSection
	GlobalSection(ExtensibilityGlobals) = postSolution
		SolutionGuid = {FA1AA5AB-718B-4D59-A7B6-879DA5CDE739}
	EndGlobalSection
EndGlobal
